// !$*UTF8*$!
{
	archiveVersion = 1;
	classes = {
	};
	objectVersion = 46;
	objects = {

/* Begin PBXBuildFile section */
		6A1D3949190E71DE00F1EA81 /* BZTagModel.m in Sources */ = {isa = PBXBuildFile; fileRef = 6A1D3948190E71DE00F1EA81 /* BZTagModel.m */; };
		6A1D3952190E73C600F1EA81 /* UICollectionView+FixRefreshControlJump.m in Sources */ = {isa = PBXBuildFile; fileRef = 6A1D394F190E73C600F1EA81 /* UICollectionView+FixRefreshControlJump.m */; };
		6A1D3953190E73C600F1EA81 /* UIColor+LightRandom.m in Sources */ = {isa = PBXBuildFile; fileRef = 6A1D3951190E73C600F1EA81 /* UIColor+LightRandom.m */; };
		6A1D3959190E73F400F1EA81 /* BZSettingsModule.m in Sources */ = {isa = PBXBuildFile; fileRef = 6A1D3956190E73F400F1EA81 /* BZSettingsModule.m */; };
		6A1D395A190E73F400F1EA81 /* BZSettingsViewController.m in Sources */ = {isa = PBXBuildFile; fileRef = 6A1D3958190E73F400F1EA81 /* BZSettingsViewController.m */; };
		6A1D3963190E742800F1EA81 /* BZTagsModule.m in Sources */ = {isa = PBXBuildFile; fileRef = 6A1D3960190E742800F1EA81 /* BZTagsModule.m */; };
		6A1D3964190E742800F1EA81 /* BZTagsViewController.m in Sources */ = {isa = PBXBuildFile; fileRef = 6A1D3962190E742800F1EA81 /* BZTagsViewController.m */; };
		6A1D396B190E743A00F1EA81 /* BZDetailModule.m in Sources */ = {isa = PBXBuildFile; fileRef = 6A1D3966190E743A00F1EA81 /* BZDetailModule.m */; };
		6A1D396C190E743A00F1EA81 /* BZDetailViewCell.m in Sources */ = {isa = PBXBuildFile; fileRef = 6A1D3968190E743A00F1EA81 /* BZDetailViewCell.m */; };
		6A1D396D190E743A00F1EA81 /* BZDetailViewController.m in Sources */ = {isa = PBXBuildFile; fileRef = 6A1D396A190E743A00F1EA81 /* BZDetailViewController.m */; };
		6A1D3978190E744500F1EA81 /* BZWaterfallModule.m in Sources */ = {isa = PBXBuildFile; fileRef = 6A1D396F190E744500F1EA81 /* BZWaterfallModule.m */; };
		6A1D3979190E744500F1EA81 /* BZWaterfallViewCell.m in Sources */ = {isa = PBXBuildFile; fileRef = 6A1D3971190E744500F1EA81 /* BZWaterfallViewCell.m */; };
		6A1D397A190E744500F1EA81 /* BZWaterfallViewCellModel.m in Sources */ = {isa = PBXBuildFile; fileRef = 6A1D3973190E744500F1EA81 /* BZWaterfallViewCellModel.m */; };
		6A1D397B190E744500F1EA81 /* BZWaterfallViewController.m in Sources */ = {isa = PBXBuildFile; fileRef = 6A1D3975190E744500F1EA81 /* BZWaterfallViewController.m */; };
		6A1D397C190E744500F1EA81 /* BZWaterfallViewModel.m in Sources */ = {isa = PBXBuildFile; fileRef = 6A1D3977190E744500F1EA81 /* BZWaterfallViewModel.m */; };
		6A1D397F190E792800F1EA81 /* UIView+SuperView.m in Sources */ = {isa = PBXBuildFile; fileRef = 6A1D397E190E792800F1EA81 /* UIView+SuperView.m */; };
		6A1D3982190E797E00F1EA81 /* UIView+Layout.m in Sources */ = {isa = PBXBuildFile; fileRef = 6A1D3981190E797E00F1EA81 /* UIView+Layout.m */; };
		6A33AC14190E555D007A121D /* Foundation.framework in Frameworks */ = {isa = PBXBuildFile; fileRef = 6A33AC13190E555D007A121D /* Foundation.framework */; };
		6A33AC16190E555D007A121D /* CoreGraphics.framework in Frameworks */ = {isa = PBXBuildFile; fileRef = 6A33AC15190E555D007A121D /* CoreGraphics.framework */; };
		6A33AC18190E555D007A121D /* UIKit.framework in Frameworks */ = {isa = PBXBuildFile; fileRef = 6A33AC17190E555D007A121D /* UIKit.framework */; };
		6A33AC1E190E555D007A121D /* InfoPlist.strings in Resources */ = {isa = PBXBuildFile; fileRef = 6A33AC1C190E555D007A121D /* InfoPlist.strings */; };
		6A33AC20190E555D007A121D /* main.m in Sources */ = {isa = PBXBuildFile; fileRef = 6A33AC1F190E555D007A121D /* main.m */; };
		6A33AC24190E555D007A121D /* BZAppDelegate.m in Sources */ = {isa = PBXBuildFile; fileRef = 6A33AC23190E555D007A121D /* BZAppDelegate.m */; };
		6A33AC26190E555D007A121D /* Images.xcassets in Resources */ = {isa = PBXBuildFile; fileRef = 6A33AC25190E555D007A121D /* Images.xcassets */; };
		6A33AC2D190E555D007A121D /* XCTest.framework in Frameworks */ = {isa = PBXBuildFile; fileRef = 6A33AC2C190E555D007A121D /* XCTest.framework */; };
		6A33AC2E190E555D007A121D /* Foundation.framework in Frameworks */ = {isa = PBXBuildFile; fileRef = 6A33AC13190E555D007A121D /* Foundation.framework */; };
		6A33AC2F190E555D007A121D /* UIKit.framework in Frameworks */ = {isa = PBXBuildFile; fileRef = 6A33AC17190E555D007A121D /* UIKit.framework */; };
		6A33AC37190E555D007A121D /* InfoPlist.strings in Resources */ = {isa = PBXBuildFile; fileRef = 6A33AC35190E555D007A121D /* InfoPlist.strings */; };
		6A33AC39190E555D007A121D /* bizhiTests.m in Sources */ = {isa = PBXBuildFile; fileRef = 6A33AC38190E555D007A121D /* bizhiTests.m */; };
		6A33AC46190E5899007A121D /* BZPinModel.m in Sources */ = {isa = PBXBuildFile; fileRef = 6A33AC45190E5899007A121D /* BZPinModel.m */; };
		6A33AC49190E5B29007A121D /* BZAPIManager.m in Sources */ = {isa = PBXBuildFile; fileRef = 6A33AC48190E5B29007A121D /* BZAPIManager.m */; };
		F0F70AFBB7FF42679A7237C3 /* libPods.a in Frameworks */ = {isa = PBXBuildFile; fileRef = A0D08661F7C4427985F32208 /* libPods.a */; };
/* End PBXBuildFile section */

/* Begin PBXContainerItemProxy section */
		6A33AC30190E555D007A121D /* PBXContainerItemProxy */ = {
			isa = PBXContainerItemProxy;
			containerPortal = 6A33AC08190E555D007A121D /* Project object */;
			proxyType = 1;
			remoteGlobalIDString = 6A33AC0F190E555D007A121D;
			remoteInfo = bizhi;
		};
/* End PBXContainerItemProxy section */

/* Begin PBXFileReference section */
		6A1D3947190E71DE00F1EA81 /* BZTagModel.h */ = {isa = PBXFileReference; fileEncoding = 4; lastKnownFileType = sourcecode.c.h; path = BZTagModel.h; sourceTree = "<group>"; };
		6A1D3948190E71DE00F1EA81 /* BZTagModel.m */ = {isa = PBXFileReference; fileEncoding = 4; lastKnownFileType = sourcecode.c.objc; path = BZTagModel.m; sourceTree = "<group>"; };
		6A1D394E190E73C600F1EA81 /* UICollectionView+FixRefreshControlJump.h */ = {isa = PBXFileReference; fileEncoding = 4; lastKnownFileType = sourcecode.c.h; path = "UICollectionView+FixRefreshControlJump.h"; sourceTree = "<group>"; };
		6A1D394F190E73C600F1EA81 /* UICollectionView+FixRefreshControlJump.m */ = {isa = PBXFileReference; fileEncoding = 4; lastKnownFileType = sourcecode.c.objc; path = "UICollectionView+FixRefreshControlJump.m"; sourceTree = "<group>"; };
		6A1D3950190E73C600F1EA81 /* UIColor+LightRandom.h */ = {isa = PBXFileReference; fileEncoding = 4; lastKnownFileType = sourcecode.c.h; path = "UIColor+LightRandom.h"; sourceTree = "<group>"; };
		6A1D3951190E73C600F1EA81 /* UIColor+LightRandom.m */ = {isa = PBXFileReference; fileEncoding = 4; lastKnownFileType = sourcecode.c.objc; path = "UIColor+LightRandom.m"; sourceTree = "<group>"; };
		6A1D3954190E73DE00F1EA81 /* Protocols.h */ = {isa = PBXFileReference; fileEncoding = 4; lastKnownFileType = sourcecode.c.h; path = Protocols.h; sourceTree = "<group>"; };
		6A1D3955190E73F400F1EA81 /* BZSettingsModule.h */ = {isa = PBXFileReference; fileEncoding = 4; lastKnownFileType = sourcecode.c.h; path = BZSettingsModule.h; sourceTree = "<group>"; };
		6A1D3956190E73F400F1EA81 /* BZSettingsModule.m */ = {isa = PBXFileReference; fileEncoding = 4; lastKnownFileType = sourcecode.c.objc; path = BZSettingsModule.m; sourceTree = "<group>"; };
		6A1D3957190E73F400F1EA81 /* BZSettingsViewController.h */ = {isa = PBXFileReference; fileEncoding = 4; lastKnownFileType = sourcecode.c.h; path = BZSettingsViewController.h; sourceTree = "<group>"; };
		6A1D3958190E73F400F1EA81 /* BZSettingsViewController.m */ = {isa = PBXFileReference; fileEncoding = 4; lastKnownFileType = sourcecode.c.objc; path = BZSettingsViewController.m; sourceTree = "<group>"; };
		6A1D395F190E742800F1EA81 /* BZTagsModule.h */ = {isa = PBXFileReference; fileEncoding = 4; lastKnownFileType = sourcecode.c.h; path = BZTagsModule.h; sourceTree = "<group>"; };
		6A1D3960190E742800F1EA81 /* BZTagsModule.m */ = {isa = PBXFileReference; fileEncoding = 4; lastKnownFileType = sourcecode.c.objc; path = BZTagsModule.m; sourceTree = "<group>"; };
		6A1D3961190E742800F1EA81 /* BZTagsViewController.h */ = {isa = PBXFileReference; fileEncoding = 4; lastKnownFileType = sourcecode.c.h; path = BZTagsViewController.h; sourceTree = "<group>"; };
		6A1D3962190E742800F1EA81 /* BZTagsViewController.m */ = {isa = PBXFileReference; fileEncoding = 4; lastKnownFileType = sourcecode.c.objc; path = BZTagsViewController.m; sourceTree = "<group>"; };
		6A1D3965190E743A00F1EA81 /* BZDetailModule.h */ = {isa = PBXFileReference; fileEncoding = 4; lastKnownFileType = sourcecode.c.h; path = BZDetailModule.h; sourceTree = "<group>"; };
		6A1D3966190E743A00F1EA81 /* BZDetailModule.m */ = {isa = PBXFileReference; fileEncoding = 4; lastKnownFileType = sourcecode.c.objc; path = BZDetailModule.m; sourceTree = "<group>"; };
		6A1D3967190E743A00F1EA81 /* BZDetailViewCell.h */ = {isa = PBXFileReference; fileEncoding = 4; lastKnownFileType = sourcecode.c.h; path = BZDetailViewCell.h; sourceTree = "<group>"; };
		6A1D3968190E743A00F1EA81 /* BZDetailViewCell.m */ = {isa = PBXFileReference; fileEncoding = 4; lastKnownFileType = sourcecode.c.objc; path = BZDetailViewCell.m; sourceTree = "<group>"; };
		6A1D3969190E743A00F1EA81 /* BZDetailViewController.h */ = {isa = PBXFileReference; fileEncoding = 4; lastKnownFileType = sourcecode.c.h; path = BZDetailViewController.h; sourceTree = "<group>"; };
		6A1D396A190E743A00F1EA81 /* BZDetailViewController.m */ = {isa = PBXFileReference; fileEncoding = 4; lastKnownFileType = sourcecode.c.objc; path = BZDetailViewController.m; sourceTree = "<group>"; };
		6A1D396E190E744500F1EA81 /* BZWaterfallModule.h */ = {isa = PBXFileReference; fileEncoding = 4; lastKnownFileType = sourcecode.c.h; path = BZWaterfallModule.h; sourceTree = "<group>"; };
		6A1D396F190E744500F1EA81 /* BZWaterfallModule.m */ = {isa = PBXFileReference; fileEncoding = 4; lastKnownFileType = sourcecode.c.objc; path = BZWaterfallModule.m; sourceTree = "<group>"; };
		6A1D3970190E744500F1EA81 /* BZWaterfallViewCell.h */ = {isa = PBXFileReference; fileEncoding = 4; lastKnownFileType = sourcecode.c.h; path = BZWaterfallViewCell.h; sourceTree = "<group>"; };
		6A1D3971190E744500F1EA81 /* BZWaterfallViewCell.m */ = {isa = PBXFileReference; fileEncoding = 4; lastKnownFileType = sourcecode.c.objc; path = BZWaterfallViewCell.m; sourceTree = "<group>"; };
		6A1D3972190E744500F1EA81 /* BZWaterfallViewCellModel.h */ = {isa = PBXFileReference; fileEncoding = 4; lastKnownFileType = sourcecode.c.h; path = BZWaterfallViewCellModel.h; sourceTree = "<group>"; };
		6A1D3973190E744500F1EA81 /* BZWaterfallViewCellModel.m */ = {isa = PBXFileReference; fileEncoding = 4; lastKnownFileType = sourcecode.c.objc; path = BZWaterfallViewCellModel.m; sourceTree = "<group>"; };
		6A1D3974190E744500F1EA81 /* BZWaterfallViewController.h */ = {isa = PBXFileReference; fileEncoding = 4; lastKnownFileType = sourcecode.c.h; path = BZWaterfallViewController.h; sourceTree = "<group>"; };
		6A1D3975190E744500F1EA81 /* BZWaterfallViewController.m */ = {isa = PBXFileReference; fileEncoding = 4; lastKnownFileType = sourcecode.c.objc; path = BZWaterfallViewController.m; sourceTree = "<group>"; };
		6A1D3976190E744500F1EA81 /* BZWaterfallViewModel.h */ = {isa = PBXFileReference; fileEncoding = 4; lastKnownFileType = sourcecode.c.h; path = BZWaterfallViewModel.h; sourceTree = "<group>"; };
		6A1D3977190E744500F1EA81 /* BZWaterfallViewModel.m */ = {isa = PBXFileReference; fileEncoding = 4; lastKnownFileType = sourcecode.c.objc; path = BZWaterfallViewModel.m; sourceTree = "<group>"; };
		6A1D397D190E792800F1EA81 /* UIView+SuperView.h */ = {isa = PBXFileReference; fileEncoding = 4; lastKnownFileType = sourcecode.c.h; path = "UIView+SuperView.h"; sourceTree = "<group>"; };
		6A1D397E190E792800F1EA81 /* UIView+SuperView.m */ = {isa = PBXFileReference; fileEncoding = 4; lastKnownFileType = sourcecode.c.objc; path = "UIView+SuperView.m"; sourceTree = "<group>"; };
		6A1D3980190E797E00F1EA81 /* UIView+Layout.h */ = {isa = PBXFileReference; fileEncoding = 4; lastKnownFileType = sourcecode.c.h; path = "UIView+Layout.h"; sourceTree = "<group>"; };
		6A1D3981190E797E00F1EA81 /* UIView+Layout.m */ = {isa = PBXFileReference; fileEncoding = 4; lastKnownFileType = sourcecode.c.objc; path = "UIView+Layout.m"; sourceTree = "<group>"; };
		6A1D3983190E79B800F1EA81 /* UtilsMacro.h */ = {isa = PBXFileReference; fileEncoding = 4; lastKnownFileType = sourcecode.c.h; path = UtilsMacro.h; sourceTree = "<group>"; };
		6A33AC10190E555D007A121D /* bizhi.app */ = {isa = PBXFileReference; explicitFileType = wrapper.application; includeInIndex = 0; path = bizhi.app; sourceTree = BUILT_PRODUCTS_DIR; };
		6A33AC13190E555D007A121D /* Foundation.framework */ = {isa = PBXFileReference; lastKnownFileType = wrapper.framework; name = Foundation.framework; path = System/Library/Frameworks/Foundation.framework; sourceTree = SDKROOT; };
		6A33AC15190E555D007A121D /* CoreGraphics.framework */ = {isa = PBXFileReference; lastKnownFileType = wrapper.framework; name = CoreGraphics.framework; path = System/Library/Frameworks/CoreGraphics.framework; sourceTree = SDKROOT; };
		6A33AC17190E555D007A121D /* UIKit.framework */ = {isa = PBXFileReference; lastKnownFileType = wrapper.framework; name = UIKit.framework; path = System/Library/Frameworks/UIKit.framework; sourceTree = SDKROOT; };
		6A33AC1B190E555D007A121D /* bizhi-Info.plist */ = {isa = PBXFileReference; lastKnownFileType = text.plist.xml; path = "bizhi-Info.plist"; sourceTree = "<group>"; };
		6A33AC1D190E555D007A121D /* en */ = {isa = PBXFileReference; lastKnownFileType = text.plist.strings; name = en; path = en.lproj/InfoPlist.strings; sourceTree = "<group>"; };
		6A33AC1F190E555D007A121D /* main.m */ = {isa = PBXFileReference; lastKnownFileType = sourcecode.c.objc; path = main.m; sourceTree = "<group>"; };
		6A33AC21190E555D007A121D /* bizhi-Prefix.pch */ = {isa = PBXFileReference; lastKnownFileType = sourcecode.c.h; path = "bizhi-Prefix.pch"; sourceTree = "<group>"; };
		6A33AC22190E555D007A121D /* BZAppDelegate.h */ = {isa = PBXFileReference; lastKnownFileType = sourcecode.c.h; path = BZAppDelegate.h; sourceTree = "<group>"; };
		6A33AC23190E555D007A121D /* BZAppDelegate.m */ = {isa = PBXFileReference; lastKnownFileType = sourcecode.c.objc; path = BZAppDelegate.m; sourceTree = "<group>"; };
		6A33AC25190E555D007A121D /* Images.xcassets */ = {isa = PBXFileReference; lastKnownFileType = folder.assetcatalog; path = Images.xcassets; sourceTree = "<group>"; };
		6A33AC2B190E555D007A121D /* bizhiTests.xctest */ = {isa = PBXFileReference; explicitFileType = wrapper.cfbundle; includeInIndex = 0; path = bizhiTests.xctest; sourceTree = BUILT_PRODUCTS_DIR; };
		6A33AC2C190E555D007A121D /* XCTest.framework */ = {isa = PBXFileReference; lastKnownFileType = wrapper.framework; name = XCTest.framework; path = Library/Frameworks/XCTest.framework; sourceTree = DEVELOPER_DIR; };
		6A33AC34190E555D007A121D /* bizhiTests-Info.plist */ = {isa = PBXFileReference; lastKnownFileType = text.plist.xml; path = "bizhiTests-Info.plist"; sourceTree = "<group>"; };
		6A33AC36190E555D007A121D /* en */ = {isa = PBXFileReference; lastKnownFileType = text.plist.strings; name = en; path = en.lproj/InfoPlist.strings; sourceTree = "<group>"; };
		6A33AC38190E555D007A121D /* bizhiTests.m */ = {isa = PBXFileReference; lastKnownFileType = sourcecode.c.objc; path = bizhiTests.m; sourceTree = "<group>"; };
		6A33AC44190E5899007A121D /* BZPinModel.h */ = {isa = PBXFileReference; fileEncoding = 4; lastKnownFileType = sourcecode.c.h; path = BZPinModel.h; sourceTree = "<group>"; };
		6A33AC45190E5899007A121D /* BZPinModel.m */ = {isa = PBXFileReference; fileEncoding = 4; lastKnownFileType = sourcecode.c.objc; path = BZPinModel.m; sourceTree = "<group>"; };
		6A33AC47190E5B29007A121D /* BZAPIManager.h */ = {isa = PBXFileReference; fileEncoding = 4; lastKnownFileType = sourcecode.c.h; path = BZAPIManager.h; sourceTree = "<group>"; };
		6A33AC48190E5B29007A121D /* BZAPIManager.m */ = {isa = PBXFileReference; fileEncoding = 4; lastKnownFileType = sourcecode.c.objc; path = BZAPIManager.m; sourceTree = "<group>"; };
		974EF92767827CB8C89FBBF8 /* Pods.debug.xcconfig */ = {isa = PBXFileReference; includeInIndex = 1; lastKnownFileType = text.xcconfig; name = Pods.debug.xcconfig; path = "Pods/Target Support Files/Pods/Pods.debug.xcconfig"; sourceTree = "<group>"; };
		A0D08661F7C4427985F32208 /* libPods.a */ = {isa = PBXFileReference; explicitFileType = archive.ar; includeInIndex = 0; path = libPods.a; sourceTree = BUILT_PRODUCTS_DIR; };
		AB1BE59522E79D7CA0EB2783 /* Pods.release.xcconfig */ = {isa = PBXFileReference; includeInIndex = 1; lastKnownFileType = text.xcconfig; name = Pods.release.xcconfig; path = "Pods/Target Support Files/Pods/Pods.release.xcconfig"; sourceTree = "<group>"; };
/* End PBXFileReference section */

/* Begin PBXFrameworksBuildPhase section */
		6A33AC0D190E555D007A121D /* Frameworks */ = {
			isa = PBXFrameworksBuildPhase;
			buildActionMask = 2147483647;
			files = (
				6A33AC16190E555D007A121D /* CoreGraphics.framework in Frameworks */,
				6A33AC18190E555D007A121D /* UIKit.framework in Frameworks */,
				6A33AC14190E555D007A121D /* Foundation.framework in Frameworks */,
				F0F70AFBB7FF42679A7237C3 /* libPods.a in Frameworks */,
			);
			runOnlyForDeploymentPostprocessing = 0;
		};
		6A33AC28190E555D007A121D /* Frameworks */ = {
			isa = PBXFrameworksBuildPhase;
			buildActionMask = 2147483647;
			files = (
				6A33AC2D190E555D007A121D /* XCTest.framework in Frameworks */,
				6A33AC2F190E555D007A121D /* UIKit.framework in Frameworks */,
				6A33AC2E190E555D007A121D /* Foundation.framework in Frameworks */,
			);
			runOnlyForDeploymentPostprocessing = 0;
		};
/* End PBXFrameworksBuildPhase section */

/* Begin PBXGroup section */
		212622ECF56172E953E659A6 /* Pods */ = {
			isa = PBXGroup;
			children = (
				974EF92767827CB8C89FBBF8 /* Pods.debug.xcconfig */,
				AB1BE59522E79D7CA0EB2783 /* Pods.release.xcconfig */,
			);
			name = Pods;
			sourceTree = "<group>";
		};
		6A1D394B190E738000F1EA81 /* Modules */ = {
			isa = PBXGroup;
			children = (
				6A1D395E190E741700F1EA81 /* Detail */,
				6A1D395D190E740F00F1EA81 /* Waterfall */,
				6A1D395C190E73FF00F1EA81 /* Tags */,
				6A1D395B190E73F600F1EA81 /* Settings */,
			);
			name = Modules;
			sourceTree = "<group>";
		};
		6A1D394C190E738900F1EA81 /* Protocols */ = {
			isa = PBXGroup;
			children = (
				6A1D3954190E73DE00F1EA81 /* Protocols.h */,
			);
			name = Protocols;
			sourceTree = "<group>";
		};
		6A1D394D190E739800F1EA81 /* Categories */ = {
			isa = PBXGroup;
			children = (
				6A1D397D190E792800F1EA81 /* UIView+SuperView.h */,
				6A1D397E190E792800F1EA81 /* UIView+SuperView.m */,
				6A1D394E190E73C600F1EA81 /* UICollectionView+FixRefreshControlJump.h */,
				6A1D394F190E73C600F1EA81 /* UICollectionView+FixRefreshControlJump.m */,
				6A1D3950190E73C600F1EA81 /* UIColor+LightRandom.h */,
				6A1D3951190E73C600F1EA81 /* UIColor+LightRandom.m */,
				6A1D3980190E797E00F1EA81 /* UIView+Layout.h */,
				6A1D3981190E797E00F1EA81 /* UIView+Layout.m */,
			);
			name = Categories;
			sourceTree = "<group>";
		};
		6A1D395B190E73F600F1EA81 /* Settings */ = {
			isa = PBXGroup;
			children = (
				6A1D3955190E73F400F1EA81 /* BZSettingsModule.h */,
				6A1D3956190E73F400F1EA81 /* BZSettingsModule.m */,
				6A1D3957190E73F400F1EA81 /* BZSettingsViewController.h */,
				6A1D3958190E73F400F1EA81 /* BZSettingsViewController.m */,
			);
			name = Settings;
			sourceTree = "<group>";
		};
		6A1D395C190E73FF00F1EA81 /* Tags */ = {
			isa = PBXGroup;
			children = (
				6A1D395F190E742800F1EA81 /* BZTagsModule.h */,
				6A1D3960190E742800F1EA81 /* BZTagsModule.m */,
				6A1D3961190E742800F1EA81 /* BZTagsViewController.h */,
				6A1D3962190E742800F1EA81 /* BZTagsViewController.m */,
			);
			name = Tags;
			sourceTree = "<group>";
		};
		6A1D395D190E740F00F1EA81 /* Waterfall */ = {
			isa = PBXGroup;
			children = (
				6A1D396E190E744500F1EA81 /* BZWaterfallModule.h */,
				6A1D396F190E744500F1EA81 /* BZWaterfallModule.m */,
				6A1D3970190E744500F1EA81 /* BZWaterfallViewCell.h */,
				6A1D3971190E744500F1EA81 /* BZWaterfallViewCell.m */,
				6A1D3972190E744500F1EA81 /* BZWaterfallViewCellModel.h */,
				6A1D3973190E744500F1EA81 /* BZWaterfallViewCellModel.m */,
				6A1D3974190E744500F1EA81 /* BZWaterfallViewController.h */,
				6A1D3975190E744500F1EA81 /* BZWaterfallViewController.m */,
				6A1D3976190E744500F1EA81 /* BZWaterfallViewModel.h */,
				6A1D3977190E744500F1EA81 /* BZWaterfallViewModel.m */,
			);
			name = Waterfall;
			sourceTree = "<group>";
		};
		6A1D395E190E741700F1EA81 /* Detail */ = {
			isa = PBXGroup;
			children = (
				6A1D3965190E743A00F1EA81 /* BZDetailModule.h */,
				6A1D3966190E743A00F1EA81 /* BZDetailModule.m */,
				6A1D3967190E743A00F1EA81 /* BZDetailViewCell.h */,
				6A1D3968190E743A00F1EA81 /* BZDetailViewCell.m */,
				6A1D3969190E743A00F1EA81 /* BZDetailViewController.h */,
				6A1D396A190E743A00F1EA81 /* BZDetailViewController.m */,
			);
			name = Detail;
			sourceTree = "<group>";
		};
		6A33AC07190E555D007A121D = {
			isa = PBXGroup;
			children = (
				6A33AC19190E555D007A121D /* bizhi */,
				6A33AC32190E555D007A121D /* bizhiTests */,
				6A33AC12190E555D007A121D /* Frameworks */,
				6A33AC11190E555D007A121D /* Products */,
				212622ECF56172E953E659A6 /* Pods */,
			);
			sourceTree = "<group>";
		};
		6A33AC11190E555D007A121D /* Products */ = {
			isa = PBXGroup;
			children = (
				6A33AC10190E555D007A121D /* bizhi.app */,
				6A33AC2B190E555D007A121D /* bizhiTests.xctest */,
			);
			name = Products;
			sourceTree = "<group>";
		};
		6A33AC12190E555D007A121D /* Frameworks */ = {
			isa = PBXGroup;
			children = (
				6A33AC13190E555D007A121D /* Foundation.framework */,
				6A33AC15190E555D007A121D /* CoreGraphics.framework */,
				6A33AC17190E555D007A121D /* UIKit.framework */,
				6A33AC2C190E555D007A121D /* XCTest.framework */,
				A0D08661F7C4427985F32208 /* libPods.a */,
			);
			name = Frameworks;
			sourceTree = "<group>";
		};
		6A33AC19190E555D007A121D /* bizhi */ = {
			isa = PBXGroup;
			children = (
				6A1D3983190E79B800F1EA81 /* UtilsMacro.h */,
				6A1D394D190E739800F1EA81 /* Categories */,
				6A1D394C190E738900F1EA81 /* Protocols */,
				6A1D394B190E738000F1EA81 /* Modules */,
				6A33AC42190E57D2007A121D /* API */,
				6A33AC22190E555D007A121D /* BZAppDelegate.h */,
				6A33AC23190E555D007A121D /* BZAppDelegate.m */,
				6A33AC25190E555D007A121D /* Images.xcassets */,
				6A33AC1A190E555D007A121D /* Supporting Files */,
			);
			path = bizhi;
			sourceTree = "<group>";
		};
		6A33AC1A190E555D007A121D /* Supporting Files */ = {
			isa = PBXGroup;
			children = (
				6A33AC1B190E555D007A121D /* bizhi-Info.plist */,
				6A33AC1C190E555D007A121D /* InfoPlist.strings */,
				6A33AC1F190E555D007A121D /* main.m */,
				6A33AC21190E555D007A121D /* bizhi-Prefix.pch */,
			);
			name = "Supporting Files";
			sourceTree = "<group>";
		};
		6A33AC32190E555D007A121D /* bizhiTests */ = {
			isa = PBXGroup;
			children = (
				6A33AC38190E555D007A121D /* bizhiTests.m */,
				6A33AC33190E555D007A121D /* Supporting Files */,
			);
			path = bizhiTests;
			sourceTree = "<group>";
		};
		6A33AC33190E555D007A121D /* Supporting Files */ = {
			isa = PBXGroup;
			children = (
				6A33AC34190E555D007A121D /* bizhiTests-Info.plist */,
				6A33AC35190E555D007A121D /* InfoPlist.strings */,
			);
			name = "Supporting Files";
			sourceTree = "<group>";
		};
		6A33AC42190E57D2007A121D /* API */ = {
			isa = PBXGroup;
			children = (
				6A33AC43190E57D7007A121D /* Models */,
				6A33AC47190E5B29007A121D /* BZAPIManager.h */,
				6A33AC48190E5B29007A121D /* BZAPIManager.m */,
			);
			name = API;
			sourceTree = "<group>";
		};
		6A33AC43190E57D7007A121D /* Models */ = {
			isa = PBXGroup;
			children = (
				6A33AC44190E5899007A121D /* BZPinModel.h */,
				6A33AC45190E5899007A121D /* BZPinModel.m */,
				6A1D3947190E71DE00F1EA81 /* BZTagModel.h */,
				6A1D3948190E71DE00F1EA81 /* BZTagModel.m */,
			);
			name = Models;
			sourceTree = "<group>";
		};
/* End PBXGroup section */

/* Begin PBXNativeTarget section */
		6A33AC0F190E555D007A121D /* bizhi */ = {
			isa = PBXNativeTarget;
			buildConfigurationList = 6A33AC3C190E555D007A121D /* Build configuration list for PBXNativeTarget "bizhi" */;
			buildPhases = (
				FA80234022C5483395D76428 /* Check Pods Manifest.lock */,
				6A33AC0C190E555D007A121D /* Sources */,
				6A33AC0D190E555D007A121D /* Frameworks */,
				6A33AC0E190E555D007A121D /* Resources */,
				409B7E4B17BC4FA294A5F3C3 /* Copy Pods Resources */,
			);
			buildRules = (
			);
			dependencies = (
			);
			name = bizhi;
			productName = bizhi;
			productReference = 6A33AC10190E555D007A121D /* bizhi.app */;
			productType = "com.apple.product-type.application";
		};
		6A33AC2A190E555D007A121D /* bizhiTests */ = {
			isa = PBXNativeTarget;
			buildConfigurationList = 6A33AC3F190E555D007A121D /* Build configuration list for PBXNativeTarget "bizhiTests" */;
			buildPhases = (
				6A33AC27190E555D007A121D /* Sources */,
				6A33AC28190E555D007A121D /* Frameworks */,
				6A33AC29190E555D007A121D /* Resources */,
			);
			buildRules = (
			);
			dependencies = (
				6A33AC31190E555D007A121D /* PBXTargetDependency */,
			);
			name = bizhiTests;
			productName = bizhiTests;
			productReference = 6A33AC2B190E555D007A121D /* bizhiTests.xctest */;
			productType = "com.apple.product-type.bundle.unit-test";
		};
/* End PBXNativeTarget section */

/* Begin PBXProject section */
		6A33AC08190E555D007A121D /* Project object */ = {
			isa = PBXProject;
			attributes = {
				CLASSPREFIX = BZ;
				LastUpgradeCheck = 0510;
				ORGANIZATIONNAME = Huaban;
				TargetAttributes = {
					6A33AC2A190E555D007A121D = {
						TestTargetID = 6A33AC0F190E555D007A121D;
					};
				};
			};
			buildConfigurationList = 6A33AC0B190E555D007A121D /* Build configuration list for PBXProject "bizhi" */;
			compatibilityVersion = "Xcode 3.2";
			developmentRegion = English;
			hasScannedForEncodings = 0;
			knownRegions = (
				en,
			);
			mainGroup = 6A33AC07190E555D007A121D;
			productRefGroup = 6A33AC11190E555D007A121D /* Products */;
			projectDirPath = "";
			projectRoot = "";
			targets = (
				6A33AC0F190E555D007A121D /* bizhi */,
				6A33AC2A190E555D007A121D /* bizhiTests */,
			);
		};
/* End PBXProject section */

/* Begin PBXResourcesBuildPhase section */
		6A33AC0E190E555D007A121D /* Resources */ = {
			isa = PBXResourcesBuildPhase;
			buildActionMask = 2147483647;
			files = (
				6A33AC1E190E555D007A121D /* InfoPlist.strings in Resources */,
				6A33AC26190E555D007A121D /* Images.xcassets in Resources */,
			);
			runOnlyForDeploymentPostprocessing = 0;
		};
		6A33AC29190E555D007A121D /* Resources */ = {
			isa = PBXResourcesBuildPhase;
			buildActionMask = 2147483647;
			files = (
				6A33AC37190E555D007A121D /* InfoPlist.strings in Resources */,
			);
			runOnlyForDeploymentPostprocessing = 0;
		};
/* End PBXResourcesBuildPhase section */

/* Begin PBXShellScriptBuildPhase section */
		409B7E4B17BC4FA294A5F3C3 /* Copy Pods Resources */ = {
			isa = PBXShellScriptBuildPhase;
			buildActionMask = 2147483647;
			files = (
			);
			inputPaths = (
			);
			name = "Copy Pods Resources";
			outputPaths = (
			);
			runOnlyForDeploymentPostprocessing = 0;
			shellPath = /bin/sh;
			shellScript = "\"${SRCROOT}/Pods/Target Support Files/Pods/Pods-resources.sh\"\n";
			showEnvVarsInLog = 0;
		};
		FA80234022C5483395D76428 /* Check Pods Manifest.lock */ = {
			isa = PBXShellScriptBuildPhase;
			buildActionMask = 2147483647;
			files = (
			);
			inputPaths = (
			);
			name = "Check Pods Manifest.lock";
			outputPaths = (
			);
			runOnlyForDeploymentPostprocessing = 0;
			shellPath = /bin/sh;
			shellScript = "diff \"${PODS_ROOT}/../Podfile.lock\" \"${PODS_ROOT}/Manifest.lock\" > /dev/null\nif [[ $? != 0 ]] ; then\n    cat << EOM\nerror: The sandbox is not in sync with the Podfile.lock. Run 'pod install' or update your CocoaPods installation.\nEOM\n    exit 1\nfi\n";
			showEnvVarsInLog = 0;
		};
/* End PBXShellScriptBuildPhase section */

/* Begin PBXSourcesBuildPhase section */
		6A33AC0C190E555D007A121D /* Sources */ = {
			isa = PBXSourcesBuildPhase;
			buildActionMask = 2147483647;
			files = (
				6A1D396B190E743A00F1EA81 /* BZDetailModule.m in Sources */,
				6A1D3963190E742800F1EA81 /* BZTagsModule.m in Sources */,
				6A1D395A190E73F400F1EA81 /* BZSettingsViewController.m in Sources */,
				6A1D397F190E792800F1EA81 /* UIView+SuperView.m in Sources */,
				6A1D396C190E743A00F1EA81 /* BZDetailViewCell.m in Sources */,
				6A1D3959190E73F400F1EA81 /* BZSettingsModule.m in Sources */,
				6A1D397C190E744500F1EA81 /* BZWaterfallViewModel.m in Sources */,
				6A1D3949190E71DE00F1EA81 /* BZTagModel.m in Sources */,
				6A33AC24190E555D007A121D /* BZAppDelegate.m in Sources */,
				6A1D3964190E742800F1EA81 /* BZTagsViewController.m in Sources */,
				6A1D3952190E73C600F1EA81 /* UICollectionView+FixRefreshControlJump.m in Sources */,
				6A1D3982190E797E00F1EA81 /* UIView+Layout.m in Sources */,
				6A1D397B190E744500F1EA81 /* BZWaterfallViewController.m in Sources */,
				6A1D397A190E744500F1EA81 /* BZWaterfallViewCellModel.m in Sources */,
				6A1D3979190E744500F1EA81 /* BZWaterfallViewCell.m in Sources */,
				6A1D3978190E744500F1EA81 /* BZWaterfallModule.m in Sources */,
				6A1D396D190E743A00F1EA81 /* BZDetailViewController.m in Sources */,
				6A33AC20190E555D007A121D /* main.m in Sources */,
				6A33AC49190E5B29007A121D /* BZAPIManager.m in Sources */,
				6A33AC46190E5899007A121D /* BZPinModel.m in Sources */,
				6A1D3953190E73C600F1EA81 /* UIColor+LightRandom.m in Sources */,
			);
			runOnlyForDeploymentPostprocessing = 0;
		};
		6A33AC27190E555D007A121D /* Sources */ = {
			isa = PBXSourcesBuildPhase;
			buildActionMask = 2147483647;
			files = (
				6A33AC39190E555D007A121D /* bizhiTests.m in Sources */,
			);
			runOnlyForDeploymentPostprocessing = 0;
		};
/* End PBXSourcesBuildPhase section */

/* Begin PBXTargetDependency section */
		6A33AC31190E555D007A121D /* PBXTargetDependency */ = {
			isa = PBXTargetDependency;
			target = 6A33AC0F190E555D007A121D /* bizhi */;
			targetProxy = 6A33AC30190E555D007A121D /* PBXContainerItemProxy */;
		};
/* End PBXTargetDependency section */

/* Begin PBXVariantGroup section */
		6A33AC1C190E555D007A121D /* InfoPlist.strings */ = {
			isa = PBXVariantGroup;
			children = (
				6A33AC1D190E555D007A121D /* en */,
			);
			name = InfoPlist.strings;
			sourceTree = "<group>";
		};
		6A33AC35190E555D007A121D /* InfoPlist.strings */ = {
			isa = PBXVariantGroup;
			children = (
				6A33AC36190E555D007A121D /* en */,
			);
			name = InfoPlist.strings;
			sourceTree = "<group>";
		};
/* End PBXVariantGroup section */

/* Begin XCBuildConfiguration section */
		6A33AC3A190E555D007A121D /* Debug */ = {
			isa = XCBuildConfiguration;
			buildSettings = {
				ALWAYS_SEARCH_USER_PATHS = NO;
				CLANG_CXX_LANGUAGE_STANDARD = "gnu++0x";
				CLANG_CXX_LIBRARY = "libc++";
				CLANG_ENABLE_MODULES = YES;
				CLANG_ENABLE_OBJC_ARC = YES;
				CLANG_WARN_BOOL_CONVERSION = YES;
				CLANG_WARN_CONSTANT_CONVERSION = YES;
				CLANG_WARN_DIRECT_OBJC_ISA_USAGE = YES_ERROR;
				CLANG_WARN_EMPTY_BODY = YES;
				CLANG_WARN_ENUM_CONVERSION = YES;
				CLANG_WARN_INT_CONVERSION = YES;
				CLANG_WARN_OBJC_ROOT_CLASS = YES_ERROR;
				CLANG_WARN__DUPLICATE_METHOD_MATCH = YES;
				"CODE_SIGN_IDENTITY[sdk=iphoneos*]" = "iPhone Developer";
				COPY_PHASE_STRIP = NO;
				GCC_C_LANGUAGE_STANDARD = gnu99;
				GCC_DYNAMIC_NO_PIC = NO;
				GCC_OPTIMIZATION_LEVEL = 0;
				GCC_PREPROCESSOR_DEFINITIONS = (
					"DEBUG=1",
					"$(inherited)",
				);
				GCC_SYMBOLS_PRIVATE_EXTERN = NO;
				GCC_WARN_64_TO_32_BIT_CONVERSION = YES;
				GCC_WARN_ABOUT_RETURN_TYPE = YES_ERROR;
				GCC_WARN_UNDECLARED_SELECTOR = YES;
				GCC_WARN_UNINITIALIZED_AUTOS = YES_AGGRESSIVE;
				GCC_WARN_UNUSED_FUNCTION = YES;
				GCC_WARN_UNUSED_VARIABLE = YES;
				IPHONEOS_DEPLOYMENT_TARGET = 7.1;
				ONLY_ACTIVE_ARCH = YES;
				SDKROOT = iphoneos;
			};
			name = Debug;
		};
		6A33AC3B190E555D007A121D /* Release */ = {
			isa = XCBuildConfiguration;
			buildSettings = {
				ALWAYS_SEARCH_USER_PATHS = NO;
				CLANG_CXX_LANGUAGE_STANDARD = "gnu++0x";
				CLANG_CXX_LIBRARY = "libc++";
				CLANG_ENABLE_MODULES = YES;
				CLANG_ENABLE_OBJC_ARC = YES;
				CLANG_WARN_BOOL_CONVERSION = YES;
				CLANG_WARN_CONSTANT_CONVERSION = YES;
				CLANG_WARN_DIRECT_OBJC_ISA_USAGE = YES_ERROR;
				CLANG_WARN_EMPTY_BODY = YES;
				CLANG_WARN_ENUM_CONVERSION = YES;
				CLANG_WARN_INT_CONVERSION = YES;
				CLANG_WARN_OBJC_ROOT_CLASS = YES_ERROR;
				CLANG_WARN__DUPLICATE_METHOD_MATCH = YES;
				"CODE_SIGN_IDENTITY[sdk=iphoneos*]" = "iPhone Developer";
				COPY_PHASE_STRIP = YES;
				ENABLE_NS_ASSERTIONS = NO;
				GCC_C_LANGUAGE_STANDARD = gnu99;
				GCC_WARN_64_TO_32_BIT_CONVERSION = YES;
				GCC_WARN_ABOUT_RETURN_TYPE = YES_ERROR;
				GCC_WARN_UNDECLARED_SELECTOR = YES;
				GCC_WARN_UNINITIALIZED_AUTOS = YES_AGGRESSIVE;
				GCC_WARN_UNUSED_FUNCTION = YES;
				GCC_WARN_UNUSED_VARIABLE = YES;
				IPHONEOS_DEPLOYMENT_TARGET = 7.1;
				SDKROOT = iphoneos;
				VALIDATE_PRODUCT = YES;
			};
			name = Release;
		};
		6A33AC3D190E555D007A121D /* Debug */ = {
			isa = XCBuildConfiguration;
			baseConfigurationReference = 974EF92767827CB8C89FBBF8 /* Pods.debug.xcconfig */;
			buildSettings = {
				ASSETCATALOG_COMPILER_APPICON_NAME = AppIcon;
				ASSETCATALOG_COMPILER_LAUNCHIMAGE_NAME = LaunchImage;
				GCC_PRECOMPILE_PREFIX_HEADER = YES;
				GCC_PREFIX_HEADER = "bizhi/bizhi-Prefix.pch";
				INFOPLIST_FILE = "bizhi/bizhi-Info.plist";
				IPHONEOS_DEPLOYMENT_TARGET = 7.0;
				PRODUCT_NAME = "$(TARGET_NAME)";
				WRAPPER_EXTENSION = app;
			};
			name = Debug;
		};
		6A33AC3E190E555D007A121D /* Release */ = {
			isa = XCBuildConfiguration;
			baseConfigurationReference = AB1BE59522E79D7CA0EB2783 /* Pods.release.xcconfig */;
			buildSettings = {
				ASSETCATALOG_COMPILER_APPICON_NAME = AppIcon;
				ASSETCATALOG_COMPILER_LAUNCHIMAGE_NAME = LaunchImage;
				GCC_PRECOMPILE_PREFIX_HEADER = YES;
				GCC_PREFIX_HEADER = "bizhi/bizhi-Prefix.pch";
				INFOPLIST_FILE = "bizhi/bizhi-Info.plist";
				IPHONEOS_DEPLOYMENT_TARGET = 7.0;
				PRODUCT_NAME = "$(TARGET_NAME)";
				WRAPPER_EXTENSION = app;
			};
			name = Release;
		};
		6A33AC40190E555D007A121D /* Debug */ = {
			isa = XCBuildConfiguration;
			buildSettings = {
				BUNDLE_LOADER = "$(BUILT_PRODUCTS_DIR)/bizhi.app/bizhi";
				FRAMEWORK_SEARCH_PATHS = (
					"$(SDKROOT)/Developer/Library/Frameworks",
					"$(inherited)",
					"$(DEVELOPER_FRAMEWORKS_DIR)",
				);
				GCC_PRECOMPILE_PREFIX_HEADER = YES;
				GCC_PREFIX_HEADER = "bizhi/bizhi-Prefix.pch";
				GCC_PREPROCESSOR_DEFINITIONS = (
					"DEBUG=1",
					"$(inherited)",
				);
				INFOPLIST_FILE = "bizhiTests/bizhiTests-Info.plist";
				PRODUCT_NAME = "$(TARGET_NAME)";
				TEST_HOST = "$(BUNDLE_LOADER)";
				WRAPPER_EXTENSION = xctest;
			};
			name = Debug;
		};
		6A33AC41190E555D007A121D /* Release */ = {
			isa = XCBuildConfiguration;
			buildSettings = {
				BUNDLE_LOADER = "$(BUILT_PRODUCTS_DIR)/bizhi.app/bizhi";
				FRAMEWORK_SEARCH_PATHS = (
					"$(SDKROOT)/Developer/Library/Frameworks",
					"$(inherited)",
					"$(DEVELOPER_FRAMEWORKS_DIR)",
				);
				GCC_PRECOMPILE_PREFIX_HEADER = YES;
				GCC_PREFIX_HEADER = "bizhi/bizhi-Prefix.pch";
				INFOPLIST_FILE = "bizhiTests/bizhiTests-Info.plist";
				PRODUCT_NAME = "$(TARGET_NAME)";
				TEST_HOST = "$(BUNDLE_LOADER)";
				WRAPPER_EXTENSION = xctest;
			};
			name = Release;
		};
/* End XCBuildConfiguration section */

/* Begin XCConfigurationList section */
		6A33AC0B190E555D007A121D /* Build configuration list for PBXProject "bizhi" */ = {
			isa = XCConfigurationList;
			buildConfigurations = (
				6A33AC3A190E555D007A121D /* Debug */,
				6A33AC3B190E555D007A121D /* Release */,
			);
			defaultConfigurationIsVisible = 0;
			defaultConfigurationName = Release;
		};
		6A33AC3C190E555D007A121D /* Build configuration list for PBXNativeTarget "bizhi" */ = {
			isa = XCConfigurationList;
			buildConfigurations = (
				6A33AC3D190E555D007A121D /* Debug */,
				6A33AC3E190E555D007A121D /* Release */,
			);
			defaultConfigurationIsVisible = 0;
			defaultConfigurationName = Release;
		};
		6A33AC3F190E555D007A121D /* Build configuration list for PBXNativeTarget "bizhiTests" */ = {
			isa = XCConfigurationList;
			buildConfigurations = (
				6A33AC40190E555D007A121D /* Debug */,
				6A33AC41190E555D007A121D /* Release */,
			);
			defaultConfigurationIsVisible = 0;
			defaultConfigurationName = Release;
		};
/* End XCConfigurationList section */
	};
	rootObject = 6A33AC08190E555D007A121D /* Project object */;
}
