// !$*UTF8*$!
{
	archiveVersion = 1;
	classes = {
	};
	objectVersion = 46;
	objects = {

/* Begin PBXBuildFile section */
		6A1D3949190E71DE00F1EA81 /* BZTagModel.m in Sources */ = {isa = PBXBuildFile; fileRef = 6A1D3948190E71DE00F1EA81 /* BZTagModel.m */; };
		6A33AC14190E555D007A121D /* Foundation.framework in Frameworks */ = {isa = PBXBuildFile; fileRef = 6A33AC13190E555D007A121D /* Foundation.framework */; };
		6A33AC16190E555D007A121D /* CoreGraphics.framework in Frameworks */ = {isa = PBXBuildFile; fileRef = 6A33AC15190E555D007A121D /* CoreGraphics.framework */; };
		6A33AC18190E555D007A121D /* UIKit.framework in Frameworks */ = {isa = PBXBuildFile; fileRef = 6A33AC17190E555D007A121D /* UIKit.framework */; };
		6A33AC1E190E555D007A121D /* InfoPlist.strings in Resources */ = {isa = PBXBuildFile; fileRef = 6A33AC1C190E555D007A121D /* InfoPlist.strings */; };
		6A33AC20190E555D007A121D /* main.m in Sources */ = {isa = PBXBuildFile; fileRef = 6A33AC1F190E555D007A121D /* main.m */; };
		6A33AC24190E555D007A121D /* BZAppDelegate.m in Sources */ = {isa = PBXBuildFile; fileRef = 6A33AC23190E555D007A121D /* BZAppDelegate.m */; };
		6A33AC26190E555D007A121D /* Images.xcassets in Resources */ = {isa = PBXBuildFile; fileRef = 6A33AC25190E555D007A121D /* Images.xcassets */; };
		6A33AC2D190E555D007A121D /* XCTest.framework in Frameworks */ = {isa = PBXBuildFile; fileRef = 6A33AC2C190E555D007A121D /* XCTest.framework */; };
		6A33AC2E190E555D007A121D /* Foundation.framework in Frameworks */ = {isa = PBXBuildFile; fileRef = 6A33AC13190E555D007A121D /* Foundation.framework */; };
		6A33AC2F190E555D007A121D /* UIKit.framework in Frameworks */ = {isa = PBXBuildFile; fileRef = 6A33AC17190E555D007A121D /* UIKit.framework */; };
		6A33AC37190E555D007A121D /* InfoPlist.strings in Resources */ = {isa = PBXBuildFile; fileRef = 6A33AC35190E555D007A121D /* InfoPlist.strings */; };
		6A33AC39190E555D007A121D /* bizhiTests.m in Sources */ = {isa = PBXBuildFile; fileRef = 6A33AC38190E555D007A121D /* bizhiTests.m */; };
		6A33AC46190E5899007A121D /* BZPinModel.m in Sources */ = {isa = PBXBuildFile; fileRef = 6A33AC45190E5899007A121D /* BZPinModel.m */; };
		6A33AC49190E5B29007A121D /* BZAPIManager.m in Sources */ = {isa = PBXBuildFile; fileRef = 6A33AC48190E5B29007A121D /* BZAPIManager.m */; };
		F0F70AFBB7FF42679A7237C3 /* libPods.a in Frameworks */ = {isa = PBXBuildFile; fileRef = A0D08661F7C4427985F32208 /* libPods.a */; };
/* End PBXBuildFile section */

/* Begin PBXContainerItemProxy section */
		6A33AC30190E555D007A121D /* PBXContainerItemProxy */ = {
			isa = PBXContainerItemProxy;
			containerPortal = 6A33AC08190E555D007A121D /* Project object */;
			proxyType = 1;
			remoteGlobalIDString = 6A33AC0F190E555D007A121D;
			remoteInfo = bizhi;
		};
/* End PBXContainerItemProxy section */

/* Begin PBXFileReference section */
		6A1D3947190E71DE00F1EA81 /* BZTagModel.h */ = {isa = PBXFileReference; fileEncoding = 4; lastKnownFileType = sourcecode.c.h; path = BZTagModel.h; sourceTree = "<group>"; };
		6A1D3948190E71DE00F1EA81 /* BZTagModel.m */ = {isa = PBXFileReference; fileEncoding = 4; lastKnownFileType = sourcecode.c.objc; path = BZTagModel.m; sourceTree = "<group>"; };
		6A33AC10190E555D007A121D /* bizhi.app */ = {isa = PBXFileReference; explicitFileType = wrapper.application; includeInIndex = 0; path = bizhi.app; sourceTree = BUILT_PRODUCTS_DIR; };
		6A33AC13190E555D007A121D /* Foundation.framework */ = {isa = PBXFileReference; lastKnownFileType = wrapper.framework; name = Foundation.framework; path = System/Library/Frameworks/Foundation.framework; sourceTree = SDKROOT; };
		6A33AC15190E555D007A121D /* CoreGraphics.framework */ = {isa = PBXFileReference; lastKnownFileType = wrapper.framework; name = CoreGraphics.framework; path = System/Library/Frameworks/CoreGraphics.framework; sourceTree = SDKROOT; };
		6A33AC17190E555D007A121D /* UIKit.framework */ = {isa = PBXFileReference; lastKnownFileType = wrapper.framework; name = UIKit.framework; path = System/Library/Frameworks/UIKit.framework; sourceTree = SDKROOT; };
		6A33AC1B190E555D007A121D /* bizhi-Info.plist */ = {isa = PBXFileReference; lastKnownFileType = text.plist.xml; path = "bizhi-Info.plist"; sourceTree = "<group>"; };
		6A33AC1D190E555D007A121D /* en */ = {isa = PBXFileReference; lastKnownFileType = text.plist.strings; name = en; path = en.lproj/InfoPlist.strings; sourceTree = "<group>"; };
		6A33AC1F190E555D007A121D /* main.m */ = {isa = PBXFileReference; lastKnownFileType = sourcecode.c.objc; path = main.m; sourceTree = "<group>"; };
		6A33AC21190E555D007A121D /* bizhi-Prefix.pch */ = {isa = PBXFileReference; lastKnownFileType = sourcecode.c.h; path = "bizhi-Prefix.pch"; sourceTree = "<group>"; };
		6A33AC22190E555D007A121D /* BZAppDelegate.h */ = {isa = PBXFileReference; lastKnownFileType = sourcecode.c.h; path = BZAppDelegate.h; sourceTree = "<group>"; };
		6A33AC23190E555D007A121D /* BZAppDelegate.m */ = {isa = PBXFileReference; lastKnownFileType = sourcecode.c.objc; path = BZAppDelegate.m; sourceTree = "<group>"; };
		6A33AC25190E555D007A121D /* Images.xcassets */ = {isa = PBXFileReference; lastKnownFileType = folder.assetcatalog; path = Images.xcassets; sourceTree = "<group>"; };
		6A33AC2B190E555D007A121D /* bizhiTests.xctest */ = {isa = PBXFileReference; explicitFileType = wrapper.cfbundle; includeInIndex = 0; path = bizhiTests.xctest; sourceTree = BUILT_PRODUCTS_DIR; };
		6A33AC2C190E555D007A121D /* XCTest.framework */ = {isa = PBXFileReference; lastKnownFileType = wrapper.framework; name = XCTest.framework; path = Library/Frameworks/XCTest.framework; sourceTree = DEVELOPER_DIR; };
		6A33AC34190E555D007A121D /* bizhiTests-Info.plist */ = {isa = PBXFileReference; lastKnownFileType = text.plist.xml; path = "bizhiTests-Info.plist"; sourceTree = "<group>"; };
		6A33AC36190E555D007A121D /* en */ = {isa = PBXFileReference; lastKnownFileType = text.plist.strings; name = en; path = en.lproj/InfoPlist.strings; sourceTree = "<group>"; };
		6A33AC38190E555D007A121D /* bizhiTests.m */ = {isa = PBXFileReference; lastKnownFileType = sourcecode.c.objc; path = bizhiTests.m; sourceTree = "<group>"; };
		6A33AC44190E5899007A121D /* BZPinModel.h */ = {isa = PBXFileReference; fileEncoding = 4; lastKnownFileType = sourcecode.c.h; path = BZPinModel.h; sourceTree = "<group>"; };
		6A33AC45190E5899007A121D /* BZPinModel.m */ = {isa = PBXFileReference; fileEncoding = 4; lastKnownFileType = sourcecode.c.objc; path = BZPinModel.m; sourceTree = "<group>"; };
		6A33AC47190E5B29007A121D /* BZAPIManager.h */ = {isa = PBXFileReference; fileEncoding = 4; lastKnownFileType = sourcecode.c.h; path = BZAPIManager.h; sourceTree = "<group>"; };
		6A33AC48190E5B29007A121D /* BZAPIManager.m */ = {isa = PBXFileReference; fileEncoding = 4; lastKnownFileType = sourcecode.c.objc; path = BZAPIManager.m; sourceTree = "<group>"; };
		75D3CBF081EE48F1B6839A84 /* Pods.xcconfig */ = {isa = PBXFileReference; includeInIndex = 1; lastKnownFileType = text.xcconfig; name = Pods.xcconfig; path = Pods/Pods.xcconfig; sourceTree = "<group>"; };
		A0D08661F7C4427985F32208 /* libPods.a */ = {isa = PBXFileReference; explicitFileType = archive.ar; includeInIndex = 0; path = libPods.a; sourceTree = BUILT_PRODUCTS_DIR; };
/* End PBXFileReference section */

/* Begin PBXFrameworksBuildPhase section */
		6A33AC0D190E555D007A121D /* Frameworks */ = {
			isa = PBXFrameworksBuildPhase;
			buildActionMask = 2147483647;
			files = (
				6A33AC16190E555D007A121D /* CoreGraphics.framework in Frameworks */,
				6A33AC18190E555D007A121D /* UIKit.framework in Frameworks */,
				6A33AC14190E555D007A121D /* Foundation.framework in Frameworks */,
				F0F70AFBB7FF42679A7237C3 /* libPods.a in Frameworks */,
			);
			runOnlyForDeploymentPostprocessing = 0;
		};
		6A33AC28190E555D007A121D /* Frameworks */ = {
			isa = PBXFrameworksBuildPhase;
			buildActionMask = 2147483647;
			files = (
				6A33AC2D190E555D007A121D /* XCTest.framework in Frameworks */,
				6A33AC2F190E555D007A121D /* UIKit.framework in Frameworks */,
				6A33AC2E190E555D007A121D /* Foundation.framework in Frameworks */,
			);
			runOnlyForDeploymentPostprocessing = 0;
		};
/* End PBXFrameworksBuildPhase section */

/* Begin PBXGroup section */
		6A33AC07190E555D007A121D = {
			isa = PBXGroup;
			children = (
				6A33AC19190E555D007A121D /* bizhi */,
				6A33AC32190E555D007A121D /* bizhiTests */,
				6A33AC12190E555D007A121D /* Frameworks */,
				6A33AC11190E555D007A121D /* Products */,
				75D3CBF081EE48F1B6839A84 /* Pods.xcconfig */,
			);
			sourceTree = "<group>";
		};
		6A33AC11190E555D007A121D /* Products */ = {
			isa = PBXGroup;
			children = (
				6A33AC10190E555D007A121D /* bizhi.app */,
				6A33AC2B190E555D007A121D /* bizhiTests.xctest */,
			);
			name = Products;
			sourceTree = "<group>";
		};
		6A33AC12190E555D007A121D /* Frameworks */ = {
			isa = PBXGroup;
			children = (
				6A33AC13190E555D007A121D /* Foundation.framework */,
				6A33AC15190E555D007A121D /* CoreGraphics.framework */,
				6A33AC17190E555D007A121D /* UIKit.framework */,
				6A33AC2C190E555D007A121D /* XCTest.framework */,
				A0D08661F7C4427985F32208 /* libPods.a */,
			);
			name = Frameworks;
			sourceTree = "<group>";
		};
		6A33AC19190E555D007A121D /* bizhi */ = {
			isa = PBXGroup;
			children = (
				6A33AC42190E57D2007A121D /* API */,
				6A33AC22190E555D007A121D /* BZAppDelegate.h */,
				6A33AC23190E555D007A121D /* BZAppDelegate.m */,
				6A33AC25190E555D007A121D /* Images.xcassets */,
				6A33AC1A190E555D007A121D /* Supporting Files */,
			);
			path = bizhi;
			sourceTree = "<group>";
		};
		6A33AC1A190E555D007A121D /* Supporting Files */ = {
			isa = PBXGroup;
			children = (
				6A33AC1B190E555D007A121D /* bizhi-Info.plist */,
				6A33AC1C190E555D007A121D /* InfoPlist.strings */,
				6A33AC1F190E555D007A121D /* main.m */,
				6A33AC21190E555D007A121D /* bizhi-Prefix.pch */,
			);
			name = "Supporting Files";
			sourceTree = "<group>";
		};
		6A33AC32190E555D007A121D /* bizhiTests */ = {
			isa = PBXGroup;
			children = (
				6A33AC38190E555D007A121D /* bizhiTests.m */,
				6A33AC33190E555D007A121D /* Supporting Files */,
			);
			path = bizhiTests;
			sourceTree = "<group>";
		};
		6A33AC33190E555D007A121D /* Supporting Files */ = {
			isa = PBXGroup;
			children = (
				6A33AC34190E555D007A121D /* bizhiTests-Info.plist */,
				6A33AC35190E555D007A121D /* InfoPlist.strings */,
			);
			name = "Supporting Files";
			sourceTree = "<group>";
		};
		6A33AC42190E57D2007A121D /* API */ = {
			isa = PBXGroup;
			children = (
				6A33AC43190E57D7007A121D /* Models */,
				6A33AC47190E5B29007A121D /* BZAPIManager.h */,
				6A33AC48190E5B29007A121D /* BZAPIManager.m */,
			);
			name = API;
			sourceTree = "<group>";
		};
		6A33AC43190E57D7007A121D /* Models */ = {
			isa = PBXGroup;
			children = (
				6A33AC44190E5899007A121D /* BZPinModel.h */,
				6A33AC45190E5899007A121D /* BZPinModel.m */,
				6A1D3947190E71DE00F1EA81 /* BZTagModel.h */,
				6A1D3948190E71DE00F1EA81 /* BZTagModel.m */,
			);
			name = Models;
			sourceTree = "<group>";
		};
/* End PBXGroup section */

/* Begin PBXNativeTarget section */
		6A33AC0F190E555D007A121D /* bizhi */ = {
			isa = PBXNativeTarget;
			buildConfigurationList = 6A33AC3C190E555D007A121D /* Build configuration list for PBXNativeTarget "bizhi" */;
			buildPhases = (
				FA80234022C5483395D76428 /* Check Pods Manifest.lock */,
				6A33AC0C190E555D007A121D /* Sources */,
				6A33AC0D190E555D007A121D /* Frameworks */,
				6A33AC0E190E555D007A121D /* Resources */,
				409B7E4B17BC4FA294A5F3C3 /* Copy Pods Resources */,
			);
			buildRules = (
			);
			dependencies = (
			);
			name = bizhi;
			productName = bizhi;
			productReference = 6A33AC10190E555D007A121D /* bizhi.app */;
			productType = "com.apple.product-type.application";
		};
		6A33AC2A190E555D007A121D /* bizhiTests */ = {
			isa = PBXNativeTarget;
			buildConfigurationList = 6A33AC3F190E555D007A121D /* Build configuration list for PBXNativeTarget "bizhiTests" */;
			buildPhases = (
				6A33AC27190E555D007A121D /* Sources */,
				6A33AC28190E555D007A121D /* Frameworks */,
				6A33AC29190E555D007A121D /* Resources */,
			);
			buildRules = (
			);
			dependencies = (
				6A33AC31190E555D007A121D /* PBXTargetDependency */,
			);
			name = bizhiTests;
			productName = bizhiTests;
			productReference = 6A33AC2B190E555D007A121D /* bizhiTests.xctest */;
			productType = "com.apple.product-type.bundle.unit-test";
		};
/* End PBXNativeTarget section */

/* Begin PBXProject section */
		6A33AC08190E555D007A121D /* Project object */ = {
			isa = PBXProject;
			attributes = {
				CLASSPREFIX = BZ;
				LastUpgradeCheck = 0510;
				ORGANIZATIONNAME = Huaban;
				TargetAttributes = {
					6A33AC2A190E555D007A121D = {
						TestTargetID = 6A33AC0F190E555D007A121D;
					};
				};
			};
			buildConfigurationList = 6A33AC0B190E555D007A121D /* Build configuration list for PBXProject "bizhi" */;
			compatibilityVersion = "Xcode 3.2";
			developmentRegion = English;
			hasScannedForEncodings = 0;
			knownRegions = (
				en,
			);
			mainGroup = 6A33AC07190E555D007A121D;
			productRefGroup = 6A33AC11190E555D007A121D /* Products */;
			projectDirPath = "";
			projectRoot = "";
			targets = (
				6A33AC0F190E555D007A121D /* bizhi */,
				6A33AC2A190E555D007A121D /* bizhiTests */,
			);
		};
/* End PBXProject section */

/* Begin PBXResourcesBuildPhase section */
		6A33AC0E190E555D007A121D /* Resources */ = {
			isa = PBXResourcesBuildPhase;
			buildActionMask = 2147483647;
			files = (
				6A33AC1E190E555D007A121D /* InfoPlist.strings in Resources */,
				6A33AC26190E555D007A121D /* Images.xcassets in Resources */,
			);
			runOnlyForDeploymentPostprocessing = 0;
		};
		6A33AC29190E555D007A121D /* Resources */ = {
			isa = PBXResourcesBuildPhase;
			buildActionMask = 2147483647;
			files = (
				6A33AC37190E555D007A121D /* InfoPlist.strings in Resources */,
			);
			runOnlyForDeploymentPostprocessing = 0;
		};
/* End PBXResourcesBuildPhase section */

/* Begin PBXShellScriptBuildPhase section */
		409B7E4B17BC4FA294A5F3C3 /* Copy Pods Resources */ = {
			isa = PBXShellScriptBuildPhase;
			buildActionMask = 2147483647;
			files = (
			);
			inputPaths = (
			);
			name = "Copy Pods Resources";
			outputPaths = (
			);
			runOnlyForDeploymentPostprocessing = 0;
			shellPath = /bin/sh;
			shellScript = "\"${SRCROOT}/Pods/Pods-resources.sh\"\n";
			showEnvVarsInLog = 0;
		};
		FA80234022C5483395D76428 /* Check Pods Manifest.lock */ = {
			isa = PBXShellScriptBuildPhase;
			buildActionMask = 2147483647;
			files = (
			);
			inputPaths = (
			);
			name = "Check Pods Manifest.lock";
			outputPaths = (
			);
			runOnlyForDeploymentPostprocessing = 0;
			shellPath = /bin/sh;
			shellScript = "diff \"${PODS_ROOT}/../Podfile.lock\" \"${PODS_ROOT}/Manifest.lock\" > /dev/null\nif [[ $? != 0 ]] ; then\n    cat << EOM\nerror: The sandbox is not in sync with the Podfile.lock. Run 'pod install' or update your CocoaPods installation.\nEOM\n    exit 1\nfi\n";
			showEnvVarsInLog = 0;
		};
/* End PBXShellScriptBuildPhase section */

/* Begin PBXSourcesBuildPhase section */
		6A33AC0C190E555D007A121D /* Sources */ = {
			isa = PBXSourcesBuildPhase;
			buildActionMask = 2147483647;
			files = (
				6A1D3949190E71DE00F1EA81 /* BZTagModel.m in Sources */,
				6A33AC24190E555D007A121D /* BZAppDelegate.m in Sources */,
				6A33AC20190E555D007A121D /* main.m in Sources */,
				6A33AC49190E5B29007A121D /* BZAPIManager.m in Sources */,
				6A33AC46190E5899007A121D /* BZPinModel.m in Sources */,
			);
			runOnlyForDeploymentPostprocessing = 0;
		};
		6A33AC27190E555D007A121D /* Sources */ = {
			isa = PBXSourcesBuildPhase;
			buildActionMask = 2147483647;
			files = (
				6A33AC39190E555D007A121D /* bizhiTests.m in Sources */,
			);
			runOnlyForDeploymentPostprocessing = 0;
		};
/* End PBXSourcesBuildPhase section */

/* Begin PBXTargetDependency section */
		6A33AC31190E555D007A121D /* PBXTargetDependency */ = {
			isa = PBXTargetDependency;
			target = 6A33AC0F190E555D007A121D /* bizhi */;
			targetProxy = 6A33AC30190E555D007A121D /* PBXContainerItemProxy */;
		};
/* End PBXTargetDependency section */

/* Begin PBXVariantGroup section */
		6A33AC1C190E555D007A121D /* InfoPlist.strings */ = {
			isa = PBXVariantGroup;
			children = (
				6A33AC1D190E555D007A121D /* en */,
			);
			name = InfoPlist.strings;
			sourceTree = "<group>";
		};
		6A33AC35190E555D007A121D /* InfoPlist.strings */ = {
			isa = PBXVariantGroup;
			children = (
				6A33AC36190E555D007A121D /* en */,
			);
			name = InfoPlist.strings;
			sourceTree = "<group>";
		};
/* End PBXVariantGroup section */

/* Begin XCBuildConfiguration section */
		6A33AC3A190E555D007A121D /* Debug */ = {
			isa = XCBuildConfiguration;
			buildSettings = {
				ALWAYS_SEARCH_USER_PATHS = NO;
				CLANG_CXX_LANGUAGE_STANDARD = "gnu++0x";
				CLANG_CXX_LIBRARY = "libc++";
				CLANG_ENABLE_MODULES = YES;
				CLANG_ENABLE_OBJC_ARC = YES;
				CLANG_WARN_BOOL_CONVERSION = YES;
				CLANG_WARN_CONSTANT_CONVERSION = YES;
				CLANG_WARN_DIRECT_OBJC_ISA_USAGE = YES_ERROR;
				CLANG_WARN_EMPTY_BODY = YES;
				CLANG_WARN_ENUM_CONVERSION = YES;
				CLANG_WARN_INT_CONVERSION = YES;
				CLANG_WARN_OBJC_ROOT_CLASS = YES_ERROR;
				CLANG_WARN__DUPLICATE_METHOD_MATCH = YES;
				"CODE_SIGN_IDENTITY[sdk=iphoneos*]" = "iPhone Developer";
				COPY_PHASE_STRIP = NO;
				GCC_C_LANGUAGE_STANDARD = gnu99;
				GCC_DYNAMIC_NO_PIC = NO;
				GCC_OPTIMIZATION_LEVEL = 0;
				GCC_PREPROCESSOR_DEFINITIONS = (
					"DEBUG=1",
					"$(inherited)",
				);
				GCC_SYMBOLS_PRIVATE_EXTERN = NO;
				GCC_WARN_64_TO_32_BIT_CONVERSION = YES;
				GCC_WARN_ABOUT_RETURN_TYPE = YES_ERROR;
				GCC_WARN_UNDECLARED_SELECTOR = YES;
				GCC_WARN_UNINITIALIZED_AUTOS = YES_AGGRESSIVE;
				GCC_WARN_UNUSED_FUNCTION = YES;
				GCC_WARN_UNUSED_VARIABLE = YES;
				IPHONEOS_DEPLOYMENT_TARGET = 7.1;
				ONLY_ACTIVE_ARCH = YES;
				SDKROOT = iphoneos;
			};
			name = Debug;
		};
		6A33AC3B190E555D007A121D /* Release */ = {
			isa = XCBuildConfiguration;
			buildSettings = {
				ALWAYS_SEARCH_USER_PATHS = NO;
				CLANG_CXX_LANGUAGE_STANDARD = "gnu++0x";
				CLANG_CXX_LIBRARY = "libc++";
				CLANG_ENABLE_MODULES = YES;
				CLANG_ENABLE_OBJC_ARC = YES;
				CLANG_WARN_BOOL_CONVERSION = YES;
				CLANG_WARN_CONSTANT_CONVERSION = YES;
				CLANG_WARN_DIRECT_OBJC_ISA_USAGE = YES_ERROR;
				CLANG_WARN_EMPTY_BODY = YES;
				CLANG_WARN_ENUM_CONVERSION = YES;
				CLANG_WARN_INT_CONVERSION = YES;
				CLANG_WARN_OBJC_ROOT_CLASS = YES_ERROR;
				CLANG_WARN__DUPLICATE_METHOD_MATCH = YES;
				"CODE_SIGN_IDENTITY[sdk=iphoneos*]" = "iPhone Developer";
				COPY_PHASE_STRIP = YES;
				ENABLE_NS_ASSERTIONS = NO;
				GCC_C_LANGUAGE_STANDARD = gnu99;
				GCC_WARN_64_TO_32_BIT_CONVERSION = YES;
				GCC_WARN_ABOUT_RETURN_TYPE = YES_ERROR;
				GCC_WARN_UNDECLARED_SELECTOR = YES;
				GCC_WARN_UNINITIALIZED_AUTOS = YES_AGGRESSIVE;
				GCC_WARN_UNUSED_FUNCTION = YES;
				GCC_WARN_UNUSED_VARIABLE = YES;
				IPHONEOS_DEPLOYMENT_TARGET = 7.1;
				SDKROOT = iphoneos;
				VALIDATE_PRODUCT = YES;
			};
			name = Release;
		};
		6A33AC3D190E555D007A121D /* Debug */ = {
			isa = XCBuildConfiguration;
			baseConfigurationReference = 75D3CBF081EE48F1B6839A84 /* Pods.xcconfig */;
			buildSettings = {
				ASSETCATALOG_COMPILER_APPICON_NAME = AppIcon;
				ASSETCATALOG_COMPILER_LAUNCHIMAGE_NAME = LaunchImage;
				GCC_PRECOMPILE_PREFIX_HEADER = YES;
				GCC_PREFIX_HEADER = "bizhi/bizhi-Prefix.pch";
				INFOPLIST_FILE = "bizhi/bizhi-Info.plist";
				PRODUCT_NAME = "$(TARGET_NAME)";
				WRAPPER_EXTENSION = app;
			};
			name = Debug;
		};
		6A33AC3E190E555D007A121D /* Release */ = {
			isa = XCBuildConfiguration;
			baseConfigurationReference = 75D3CBF081EE48F1B6839A84 /* Pods.xcconfig */;
			buildSettings = {
				ASSETCATALOG_COMPILER_APPICON_NAME = AppIcon;
				ASSETCATALOG_COMPILER_LAUNCHIMAGE_NAME = LaunchImage;
				GCC_PRECOMPILE_PREFIX_HEADER = YES;
				GCC_PREFIX_HEADER = "bizhi/bizhi-Prefix.pch";
				INFOPLIST_FILE = "bizhi/bizhi-Info.plist";
				PRODUCT_NAME = "$(TARGET_NAME)";
				WRAPPER_EXTENSION = app;
			};
			name = Release;
		};
		6A33AC40190E555D007A121D /* Debug */ = {
			isa = XCBuildConfiguration;
			buildSettings = {
				BUNDLE_LOADER = "$(BUILT_PRODUCTS_DIR)/bizhi.app/bizhi";
				FRAMEWORK_SEARCH_PATHS = (
					"$(SDKROOT)/Developer/Library/Frameworks",
					"$(inherited)",
					"$(DEVELOPER_FRAMEWORKS_DIR)",
				);
				GCC_PRECOMPILE_PREFIX_HEADER = YES;
				GCC_PREFIX_HEADER = "bizhi/bizhi-Prefix.pch";
				GCC_PREPROCESSOR_DEFINITIONS = (
					"DEBUG=1",
					"$(inherited)",
				);
				INFOPLIST_FILE = "bizhiTests/bizhiTests-Info.plist";
				PRODUCT_NAME = "$(TARGET_NAME)";
				TEST_HOST = "$(BUNDLE_LOADER)";
				WRAPPER_EXTENSION = xctest;
			};
			name = Debug;
		};
		6A33AC41190E555D007A121D /* Release */ = {
			isa = XCBuildConfiguration;
			buildSettings = {
				BUNDLE_LOADER = "$(BUILT_PRODUCTS_DIR)/bizhi.app/bizhi";
				FRAMEWORK_SEARCH_PATHS = (
					"$(SDKROOT)/Developer/Library/Frameworks",
					"$(inherited)",
					"$(DEVELOPER_FRAMEWORKS_DIR)",
				);
				GCC_PRECOMPILE_PREFIX_HEADER = YES;
				GCC_PREFIX_HEADER = "bizhi/bizhi-Prefix.pch";
				INFOPLIST_FILE = "bizhiTests/bizhiTests-Info.plist";
				PRODUCT_NAME = "$(TARGET_NAME)";
				TEST_HOST = "$(BUNDLE_LOADER)";
				WRAPPER_EXTENSION = xctest;
			};
			name = Release;
		};
/* End XCBuildConfiguration section */

/* Begin XCConfigurationList section */
		6A33AC0B190E555D007A121D /* Build configuration list for PBXProject "bizhi" */ = {
			isa = XCConfigurationList;
			buildConfigurations = (
				6A33AC3A190E555D007A121D /* Debug */,
				6A33AC3B190E555D007A121D /* Release */,
			);
			defaultConfigurationIsVisible = 0;
			defaultConfigurationName = Release;
		};
		6A33AC3C190E555D007A121D /* Build configuration list for PBXNativeTarget "bizhi" */ = {
			isa = XCConfigurationList;
			buildConfigurations = (
				6A33AC3D190E555D007A121D /* Debug */,
				6A33AC3E190E555D007A121D /* Release */,
			);
			defaultConfigurationIsVisible = 0;
			defaultConfigurationName = Release;
		};
		6A33AC3F190E555D007A121D /* Build configuration list for PBXNativeTarget "bizhiTests" */ = {
			isa = XCConfigurationList;
			buildConfigurations = (
				6A33AC40190E555D007A121D /* Debug */,
				6A33AC41190E555D007A121D /* Release */,
			);
			defaultConfigurationIsVisible = 0;
			defaultConfigurationName = Release;
		};
/* End XCConfigurationList section */
	};
	rootObject = 6A33AC08190E555D007A121D /* Project object */;
}
